
Microsoft Visual Studio Solution File, Format Version 12.00
# Visual Studio 15
VisualStudioVersion = 15.0.28010.2048
MinimumVisualStudioVersion = 10.0.40219.1
Project("{9A19103F-16F7-4668-BE54-9A1E7A4F7556}") = "Piovra.Svg", "Piovra.Svg\Piovra.Svg.csproj", "{1923F8C5-2724-407F-A09B-5A63061B1BAE}"
EndProject
Project("{9A19103F-16F7-4668-BE54-9A1E7A4F7556}") = "Piovra.Pgsql", "Piovra.Pgsql\Piovra.Pgsql.csproj", "{3985B735-F0B9-4BAA-89D9-FEC3ED0B5F1F}"
EndProject
Project("{9A19103F-16F7-4668-BE54-9A1E7A4F7556}") = "Piovra.Graphs", "Piovra.Graphs\Piovra.Graphs.csproj", "{773EE990-1E08-4A9A-8F7B-62F5BFA0E453}"
EndProject
Project("{9A19103F-16F7-4668-BE54-9A1E7A4F7556}") = "Piovra.Json", "Piovra.Json\Piovra.Json.csproj", "{C2B8B4D8-032E-4B4A-8488-D257979E1473}"
EndProject
Project("{9A19103F-16F7-4668-BE54-9A1E7A4F7556}") = "Piovra.Core", "Piovra.Core\Piovra.Core.csproj", "{9C06AB74-D9AC-46E9-BF2A-FEADA83113AC}"
EndProject
Project("{9A19103F-16F7-4668-BE54-9A1E7A4F7556}") = "Piovra.Lia", "Piovra.Lia\Piovra.Lia.csproj", "{8D3D90F3-F2BE-4E3D-98D4-57A7588E1C50}"
EndProject
Project("{2150E333-8FDC-42A3-9474-1A3956D46DE8}") = "Tests", "Tests", "{0AFA5203-6005-4A78-A459-845A05E7F34A}"
EndProject
Project("{9A19103F-16F7-4668-BE54-9A1E7A4F7556}") = "Piovra.Demo", "Tests\Piovra.Demo\Piovra.Demo.csproj", "{70FAC94D-0982-43CC-A49B-41B51C3B2298}"
EndProject
Project("{9A19103F-16F7-4668-BE54-9A1E7A4F7556}") = "Piovra.Tests", "Tests\Piovra.Tests\Piovra.Tests.csproj", "{DA7D6398-956D-4F4D-BF4C-508721744756}"
EndProject
Project("{9A19103F-16F7-4668-BE54-9A1E7A4F7556}") = "Piovra.Data", "Piovra.Data\Piovra.Data.csproj", "{BFD2D1D2-DC6A-40FD-91AC-070686AACCE7}"
EndProject
Project("{2150E333-8FDC-42A3-9474-1A3956D46DE8}") = "Tools", "Tools", "{327CF787-7D20-472A-8A8E-E3E6470BBFC2}"
EndProject
Project("{9A19103F-16F7-4668-BE54-9A1E7A4F7556}") = "Piovra.Esort", "Tools\Piovra.Esort\Piovra.Esort.csproj", "{7712453B-F435-4875-8D52-195199E6981C}"
EndProject
Global
	GlobalSection(SolutionConfigurationPlatforms) = preSolution
		Debug|Any CPU = Debug|Any CPU
		Release|Any CPU = Release|Any CPU
	EndGlobalSection
	GlobalSection(ProjectConfigurationPlatforms) = postSolution
		{1923F8C5-2724-407F-A09B-5A63061B1BAE}.Debug|Any CPU.ActiveCfg = Debug|Any CPU
		{1923F8C5-2724-407F-A09B-5A63061B1BAE}.Debug|Any CPU.Build.0 = Debug|Any CPU
		{1923F8C5-2724-407F-A09B-5A63061B1BAE}.Release|Any CPU.ActiveCfg = Release|Any CPU
		{1923F8C5-2724-407F-A09B-5A63061B1BAE}.Release|Any CPU.Build.0 = Release|Any CPU
		{3985B735-F0B9-4BAA-89D9-FEC3ED0B5F1F}.Debug|Any CPU.ActiveCfg = Debug|Any CPU
		{3985B735-F0B9-4BAA-89D9-FEC3ED0B5F1F}.Debug|Any CPU.Build.0 = Debug|Any CPU
		{3985B735-F0B9-4BAA-89D9-FEC3ED0B5F1F}.Release|Any CPU.ActiveCfg = Release|Any CPU
		{3985B735-F0B9-4BAA-89D9-FEC3ED0B5F1F}.Release|Any CPU.Build.0 = Release|Any CPU
		{773EE990-1E08-4A9A-8F7B-62F5BFA0E453}.Debug|Any CPU.ActiveCfg = Debug|Any CPU
		{773EE990-1E08-4A9A-8F7B-62F5BFA0E453}.Debug|Any CPU.Build.0 = Debug|Any CPU
		{773EE990-1E08-4A9A-8F7B-62F5BFA0E453}.Release|Any CPU.ActiveCfg = Release|Any CPU
		{773EE990-1E08-4A9A-8F7B-62F5BFA0E453}.Release|Any CPU.Build.0 = Release|Any CPU
		{C2B8B4D8-032E-4B4A-8488-D257979E1473}.Debug|Any CPU.ActiveCfg = Debug|Any CPU
		{C2B8B4D8-032E-4B4A-8488-D257979E1473}.Debug|Any CPU.Build.0 = Debug|Any CPU
		{C2B8B4D8-032E-4B4A-8488-D257979E1473}.Release|Any CPU.ActiveCfg = Release|Any CPU
		{C2B8B4D8-032E-4B4A-8488-D257979E1473}.Release|Any CPU.Build.0 = Release|Any CPU
		{9C06AB74-D9AC-46E9-BF2A-FEADA83113AC}.Debug|Any CPU.ActiveCfg = Debug|Any CPU
		{9C06AB74-D9AC-46E9-BF2A-FEADA83113AC}.Debug|Any CPU.Build.0 = Debug|Any CPU
		{9C06AB74-D9AC-46E9-BF2A-FEADA83113AC}.Release|Any CPU.ActiveCfg = Release|Any CPU
		{9C06AB74-D9AC-46E9-BF2A-FEADA83113AC}.Release|Any CPU.Build.0 = Release|Any CPU
		{8D3D90F3-F2BE-4E3D-98D4-57A7588E1C50}.Debug|Any CPU.ActiveCfg = Debug|Any CPU
		{8D3D90F3-F2BE-4E3D-98D4-57A7588E1C50}.Debug|Any CPU.Build.0 = Debug|Any CPU
		{8D3D90F3-F2BE-4E3D-98D4-57A7588E1C50}.Release|Any CPU.ActiveCfg = Release|Any CPU
		{8D3D90F3-F2BE-4E3D-98D4-57A7588E1C50}.Release|Any CPU.Build.0 = Release|Any CPU
		{70FAC94D-0982-43CC-A49B-41B51C3B2298}.Debug|Any CPU.ActiveCfg = Debug|Any CPU
		{70FAC94D-0982-43CC-A49B-41B51C3B2298}.Debug|Any CPU.Build.0 = Debug|Any CPU
		{70FAC94D-0982-43CC-A49B-41B51C3B2298}.Release|Any CPU.ActiveCfg = Release|Any CPU
		{70FAC94D-0982-43CC-A49B-41B51C3B2298}.Release|Any CPU.Build.0 = Release|Any CPU
		{DA7D6398-956D-4F4D-BF4C-508721744756}.Debug|Any CPU.ActiveCfg = Debug|Any CPU
		{DA7D6398-956D-4F4D-BF4C-508721744756}.Debug|Any CPU.Build.0 = Debug|Any CPU
		{DA7D6398-956D-4F4D-BF4C-508721744756}.Release|Any CPU.ActiveCfg = Release|Any CPU
		{DA7D6398-956D-4F4D-BF4C-508721744756}.Release|Any CPU.Build.0 = Release|Any CPU
		{BFD2D1D2-DC6A-40FD-91AC-070686AACCE7}.Debug|Any CPU.ActiveCfg = Debug|Any CPU
		{BFD2D1D2-DC6A-40FD-91AC-070686AACCE7}.Debug|Any CPU.Build.0 = Debug|Any CPU
		{BFD2D1D2-DC6A-40FD-91AC-070686AACCE7}.Release|Any CPU.ActiveCfg = Release|Any CPU
		{BFD2D1D2-DC6A-40FD-91AC-070686AACCE7}.Release|Any CPU.Build.0 = Release|Any CPU
		{7712453B-F435-4875-8D52-195199E6981C}.Debug|Any CPU.ActiveCfg = Debug|Any CPU
		{7712453B-F435-4875-8D52-195199E6981C}.Debug|Any CPU.Build.0 = Debug|Any CPU
		{7712453B-F435-4875-8D52-195199E6981C}.Release|Any CPU.ActiveCfg = Release|Any CPU
		{7712453B-F435-4875-8D52-195199E6981C}.Release|Any CPU.Build.0 = Release|Any CPU
	EndGlobalSection
	GlobalSection(SolutionProperties) = preSolution
		HideSolutionNode = FALSE
	EndGlobalSection
	GlobalSection(NestedProjects) = preSolution
		{70FAC94D-0982-43CC-A49B-41B51C3B2298} = {0AFA5203-6005-4A78-A459-845A05E7F34A}
		{DA7D6398-956D-4F4D-BF4C-508721744756} = {0AFA5203-6005-4A78-A459-845A05E7F34A}
		{7712453B-F435-4875-8D52-195199E6981C} = {327CF787-7D20-472A-8A8E-E3E6470BBFC2}
	EndGlobalSection
	GlobalSection(ExtensibilityGlobals) = postSolution
		SolutionGuid = {257BC25E-01D6-42A4-806D-C190ED996270}
	EndGlobalSection
EndGlobal
